
Microsoft Visual Studio Solution File, Format Version 12.00
# Visual Studio Version 17
VisualStudioVersion = 17.6.33801.468
MinimumVisualStudioVersion = 10.0.40219.1
Project("{FAE04EC0-301F-11D3-BF4B-00C04F79EFBC}") = "ShoppingShip", "ShoppingShip.csproj", "{1F3A3C84-0882-435A-A47E-1E06C278FC4C}"
EndProject
Global
	GlobalSection(SolutionConfigurationPlatforms) = preSolution
		Debug|Any CPU = Debug|Any CPU
		Release|Any CPU = Release|Any CPU
	EndGlobalSection
	GlobalSection(ProjectConfigurationPlatforms) = postSolution
		{1F3A3C84-0882-435A-A47E-1E06C278FC4C}.Debug|Any CPU.ActiveCfg = Debug|Any CPU
		{1F3A3C84-0882-435A-A47E-1E06C278FC4C}.Debug|Any CPU.Build.0 = Debug|Any CPU
		{1F3A3C84-0882-435A-A47E-1E06C278FC4C}.Release|Any CPU.ActiveCfg = Release|Any CPU
		{1F3A3C84-0882-435A-A47E-1E06C278FC4C}.Release|Any CPU.Build.0 = Release|Any CPU
	EndGlobalSection
	GlobalSection(SolutionProperties) = preSolution
		HideSolutionNode = FALSE
	EndGlobalSection
	GlobalSection(ExtensibilityGlobals) = postSolution
		SolutionGuid = {AB30A4F6-9557-4590-B9FB-105EC87D1406}
	EndGlobalSection
EndGlobal
